
Microsoft Visual Studio Solution File, Format Version 12.00
# Visual Studio 15
VisualStudioVersion = 15.0.28307.106
MinimumVisualStudioVersion = 10.0.40219.1
Project("{FAE04EC0-301F-11D3-BF4B-00C04F79EFBC}") = "MoviesRentalStore", "MoviesRentalStore\MoviesRentalStore.csproj", "{73971312-09DC-43DE-8947-F068FF570258}"
EndProject
Global
	GlobalSection(SolutionConfigurationPlatforms) = preSolution
		Debug|Any CPU = Debug|Any CPU
		Release|Any CPU = Release|Any CPU
	EndGlobalSection
	GlobalSection(ProjectConfigurationPlatforms) = postSolution
		{73971312-09DC-43DE-8947-F068FF570258}.Debug|Any CPU.ActiveCfg = Debug|Any CPU
		{73971312-09DC-43DE-8947-F068FF570258}.Debug|Any CPU.Build.0 = Debug|Any CPU
		{73971312-09DC-43DE-8947-F068FF570258}.Release|Any CPU.ActiveCfg = Release|Any CPU
		{73971312-09DC-43DE-8947-F068FF570258}.Release|Any CPU.Build.0 = Release|Any CPU
	EndGlobalSection
	GlobalSection(SolutionProperties) = preSolution
		HideSolutionNode = FALSE
	EndGlobalSection
	GlobalSection(ExtensibilityGlobals) = postSolution
		SolutionGuid = {7B44A207-0C2E-4765-A27F-62EC26F847ED}
	EndGlobalSection
EndGlobal
